
Microsoft Visual Studio Solution File, Format Version 12.00
# Visual Studio Version 17
VisualStudioVersion = 17.7.34221.43
MinimumVisualStudioVersion = 10.0.40219.1
Project("{9A19103F-16F7-4668-BE54-9A1E7A4F7556}") = "Capa Entidades", "Capa Entidades\Capa Entidades.csproj", "{A2AB0122-6AD8-43C9-9238-75EAE1F53444}"
EndProject
Project("{9A19103F-16F7-4668-BE54-9A1E7A4F7556}") = "Capa DAL", "Capa DAL\Capa DAL.csproj", "{E77B50DB-0E0D-4ABE-AAB2-6E1462FEB793}"
EndProject
Project("{9A19103F-16F7-4668-BE54-9A1E7A4F7556}") = "Capa BL", "Capa BL\Capa BL.csproj", "{DB5E215E-1BF6-422E-87E1-6107B35436E1}"
EndProject
Project("{FAE04EC0-301F-11D3-BF4B-00C04F79EFBC}") = "Capa UI", "Capa UI\Capa UI.csproj", "{4B540854-13FA-4D16-9A54-F5D12E3210AB}"
EndProject
Global
	GlobalSection(SolutionConfigurationPlatforms) = preSolution
		Debug|Any CPU = Debug|Any CPU
		Release|Any CPU = Release|Any CPU
	EndGlobalSection
	GlobalSection(ProjectConfigurationPlatforms) = postSolution
		{A2AB0122-6AD8-43C9-9238-75EAE1F53444}.Debug|Any CPU.ActiveCfg = Debug|Any CPU
		{A2AB0122-6AD8-43C9-9238-75EAE1F53444}.Debug|Any CPU.Build.0 = Debug|Any CPU
		{A2AB0122-6AD8-43C9-9238-75EAE1F53444}.Release|Any CPU.ActiveCfg = Release|Any CPU
		{A2AB0122-6AD8-43C9-9238-75EAE1F53444}.Release|Any CPU.Build.0 = Release|Any CPU
		{E77B50DB-0E0D-4ABE-AAB2-6E1462FEB793}.Debug|Any CPU.ActiveCfg = Debug|Any CPU
		{E77B50DB-0E0D-4ABE-AAB2-6E1462FEB793}.Debug|Any CPU.Build.0 = Debug|Any CPU
		{E77B50DB-0E0D-4ABE-AAB2-6E1462FEB793}.Release|Any CPU.ActiveCfg = Release|Any CPU
		{E77B50DB-0E0D-4ABE-AAB2-6E1462FEB793}.Release|Any CPU.Build.0 = Release|Any CPU
		{DB5E215E-1BF6-422E-87E1-6107B35436E1}.Debug|Any CPU.ActiveCfg = Debug|Any CPU
		{DB5E215E-1BF6-422E-87E1-6107B35436E1}.Debug|Any CPU.Build.0 = Debug|Any CPU
		{DB5E215E-1BF6-422E-87E1-6107B35436E1}.Release|Any CPU.ActiveCfg = Release|Any CPU
		{DB5E215E-1BF6-422E-87E1-6107B35436E1}.Release|Any CPU.Build.0 = Release|Any CPU
		{4B540854-13FA-4D16-9A54-F5D12E3210AB}.Debug|Any CPU.ActiveCfg = Debug|Any CPU
		{4B540854-13FA-4D16-9A54-F5D12E3210AB}.Debug|Any CPU.Build.0 = Debug|Any CPU
		{4B540854-13FA-4D16-9A54-F5D12E3210AB}.Debug|Any CPU.Deploy.0 = Debug|Any CPU
		{4B540854-13FA-4D16-9A54-F5D12E3210AB}.Release|Any CPU.ActiveCfg = Release|Any CPU
		{4B540854-13FA-4D16-9A54-F5D12E3210AB}.Release|Any CPU.Build.0 = Release|Any CPU
		{4B540854-13FA-4D16-9A54-F5D12E3210AB}.Release|Any CPU.Deploy.0 = Release|Any CPU
	EndGlobalSection
	GlobalSection(SolutionProperties) = preSolution
		HideSolutionNode = FALSE
	EndGlobalSection
	GlobalSection(ExtensibilityGlobals) = postSolution
		SolutionGuid = {E29E3220-1E92-4053-8CA8-E3D84BADA941}
	EndGlobalSection
EndGlobal
