
Microsoft Visual Studio Solution File, Format Version 12.00
# Visual Studio Version 17
VisualStudioVersion = 17.7.34221.43
MinimumVisualStudioVersion = 10.0.40219.1
Project("{FAE04EC0-301F-11D3-BF4B-00C04F79EFBC}") = "Ejercicio3", "Ejercicio3\Ejercicio3.csproj", "{4C546EEF-29E9-4DE8-B04E-DFD4132B3EDA}"
EndProject
Global
	GlobalSection(SolutionConfigurationPlatforms) = preSolution
		Debug|Any CPU = Debug|Any CPU
		Release|Any CPU = Release|Any CPU
	EndGlobalSection
	GlobalSection(ProjectConfigurationPlatforms) = postSolution
		{4C546EEF-29E9-4DE8-B04E-DFD4132B3EDA}.Debug|Any CPU.ActiveCfg = Debug|Any CPU
		{4C546EEF-29E9-4DE8-B04E-DFD4132B3EDA}.Debug|Any CPU.Build.0 = Debug|Any CPU
		{4C546EEF-29E9-4DE8-B04E-DFD4132B3EDA}.Debug|Any CPU.Deploy.0 = Debug|Any CPU
		{4C546EEF-29E9-4DE8-B04E-DFD4132B3EDA}.Release|Any CPU.ActiveCfg = Release|Any CPU
		{4C546EEF-29E9-4DE8-B04E-DFD4132B3EDA}.Release|Any CPU.Build.0 = Release|Any CPU
		{4C546EEF-29E9-4DE8-B04E-DFD4132B3EDA}.Release|Any CPU.Deploy.0 = Release|Any CPU
	EndGlobalSection
	GlobalSection(SolutionProperties) = preSolution
		HideSolutionNode = FALSE
	EndGlobalSection
	GlobalSection(ExtensibilityGlobals) = postSolution
		SolutionGuid = {FCF11DFC-7471-48CE-80E0-EF67E76468A2}
	EndGlobalSection
EndGlobal
