
Microsoft Visual Studio Solution File, Format Version 12.00
# Visual Studio Version 17
VisualStudioVersion = 17.7.34031.279
MinimumVisualStudioVersion = 10.0.40219.1
Project("{9A19103F-16F7-4668-BE54-9A1E7A4F7556}") = "Ejercicio1_T7", "Ejercicio1_T7\Ejercicio1_T7.csproj", "{0EAAD11D-B9E8-48EF-8CB4-CA7CD0DDFA2D}"
EndProject
Project("{9A19103F-16F7-4668-BE54-9A1E7A4F7556}") = "BibliotecaDeClases", "BibliotecaDeClases\BibliotecaDeClases.csproj", "{9FB1D51E-6F2B-44B8-BE8C-AA2B16BC7C6E}"
EndProject
Project("{FAE04EC0-301F-11D3-BF4B-00C04F79EFBC}") = "Ejercicio4_T7", "Ejercicio4_T7\Ejercicio4_T7.csproj", "{062FC8CC-6825-459B-BEB0-525516F3DFDE}"
EndProject
Project("{FAE04EC0-301F-11D3-BF4B-00C04F79EFBC}") = "EjercicioShell", "EjercicioShell\EjercicioShell.csproj", "{2F32694B-CB16-4460-BA1D-B0F3EE087867}"
EndProject
Global
	GlobalSection(SolutionConfigurationPlatforms) = preSolution
		Debug|Any CPU = Debug|Any CPU
		Release|Any CPU = Release|Any CPU
	EndGlobalSection
	GlobalSection(ProjectConfigurationPlatforms) = postSolution
		{0EAAD11D-B9E8-48EF-8CB4-CA7CD0DDFA2D}.Debug|Any CPU.ActiveCfg = Debug|Any CPU
		{0EAAD11D-B9E8-48EF-8CB4-CA7CD0DDFA2D}.Debug|Any CPU.Build.0 = Debug|Any CPU
		{0EAAD11D-B9E8-48EF-8CB4-CA7CD0DDFA2D}.Debug|Any CPU.Deploy.0 = Debug|Any CPU
		{0EAAD11D-B9E8-48EF-8CB4-CA7CD0DDFA2D}.Release|Any CPU.ActiveCfg = Release|Any CPU
		{0EAAD11D-B9E8-48EF-8CB4-CA7CD0DDFA2D}.Release|Any CPU.Build.0 = Release|Any CPU
		{0EAAD11D-B9E8-48EF-8CB4-CA7CD0DDFA2D}.Release|Any CPU.Deploy.0 = Release|Any CPU
		{9FB1D51E-6F2B-44B8-BE8C-AA2B16BC7C6E}.Debug|Any CPU.ActiveCfg = Debug|Any CPU
		{9FB1D51E-6F2B-44B8-BE8C-AA2B16BC7C6E}.Debug|Any CPU.Build.0 = Debug|Any CPU
		{9FB1D51E-6F2B-44B8-BE8C-AA2B16BC7C6E}.Release|Any CPU.ActiveCfg = Release|Any CPU
		{9FB1D51E-6F2B-44B8-BE8C-AA2B16BC7C6E}.Release|Any CPU.Build.0 = Release|Any CPU
		{062FC8CC-6825-459B-BEB0-525516F3DFDE}.Debug|Any CPU.ActiveCfg = Debug|Any CPU
		{062FC8CC-6825-459B-BEB0-525516F3DFDE}.Debug|Any CPU.Build.0 = Debug|Any CPU
		{062FC8CC-6825-459B-BEB0-525516F3DFDE}.Debug|Any CPU.Deploy.0 = Debug|Any CPU
		{062FC8CC-6825-459B-BEB0-525516F3DFDE}.Release|Any CPU.ActiveCfg = Release|Any CPU
		{062FC8CC-6825-459B-BEB0-525516F3DFDE}.Release|Any CPU.Build.0 = Release|Any CPU
		{062FC8CC-6825-459B-BEB0-525516F3DFDE}.Release|Any CPU.Deploy.0 = Release|Any CPU
		{2F32694B-CB16-4460-BA1D-B0F3EE087867}.Debug|Any CPU.ActiveCfg = Debug|Any CPU
		{2F32694B-CB16-4460-BA1D-B0F3EE087867}.Debug|Any CPU.Build.0 = Debug|Any CPU
		{2F32694B-CB16-4460-BA1D-B0F3EE087867}.Debug|Any CPU.Deploy.0 = Debug|Any CPU
		{2F32694B-CB16-4460-BA1D-B0F3EE087867}.Release|Any CPU.ActiveCfg = Release|Any CPU
		{2F32694B-CB16-4460-BA1D-B0F3EE087867}.Release|Any CPU.Build.0 = Release|Any CPU
		{2F32694B-CB16-4460-BA1D-B0F3EE087867}.Release|Any CPU.Deploy.0 = Release|Any CPU
	EndGlobalSection
	GlobalSection(SolutionProperties) = preSolution
		HideSolutionNode = FALSE
	EndGlobalSection
	GlobalSection(ExtensibilityGlobals) = postSolution
		SolutionGuid = {B005CB02-65E9-422A-A2CC-C231A13E1A4F}
	EndGlobalSection
EndGlobal
