
Microsoft Visual Studio Solution File, Format Version 12.00
# Visual Studio Version 17
VisualStudioVersion = 17.7.34221.43
MinimumVisualStudioVersion = 10.0.40219.1
Project("{FAE04EC0-301F-11D3-BF4B-00C04F79EFBC}") = "07-Pages", "07-Pages\07-Pages.csproj", "{5F103EC3-6291-45AD-A9C3-1CBCF3BAD0CA}"
EndProject
Project("{FAE04EC0-301F-11D3-BF4B-00C04F79EFBC}") = "Biblioteca", "Biblioteca\Biblioteca.csproj", "{A7D0AD44-C176-4C23-BAF6-265A58D624E0}"
EndProject
Global
	GlobalSection(SolutionConfigurationPlatforms) = preSolution
		Debug|Any CPU = Debug|Any CPU
		Release|Any CPU = Release|Any CPU
	EndGlobalSection
	GlobalSection(ProjectConfigurationPlatforms) = postSolution
		{5F103EC3-6291-45AD-A9C3-1CBCF3BAD0CA}.Debug|Any CPU.ActiveCfg = Debug|Any CPU
		{5F103EC3-6291-45AD-A9C3-1CBCF3BAD0CA}.Debug|Any CPU.Build.0 = Debug|Any CPU
		{5F103EC3-6291-45AD-A9C3-1CBCF3BAD0CA}.Debug|Any CPU.Deploy.0 = Debug|Any CPU
		{5F103EC3-6291-45AD-A9C3-1CBCF3BAD0CA}.Release|Any CPU.ActiveCfg = Release|Any CPU
		{5F103EC3-6291-45AD-A9C3-1CBCF3BAD0CA}.Release|Any CPU.Build.0 = Release|Any CPU
		{5F103EC3-6291-45AD-A9C3-1CBCF3BAD0CA}.Release|Any CPU.Deploy.0 = Release|Any CPU
		{A7D0AD44-C176-4C23-BAF6-265A58D624E0}.Debug|Any CPU.ActiveCfg = Debug|Any CPU
		{A7D0AD44-C176-4C23-BAF6-265A58D624E0}.Debug|Any CPU.Build.0 = Debug|Any CPU
		{A7D0AD44-C176-4C23-BAF6-265A58D624E0}.Release|Any CPU.ActiveCfg = Release|Any CPU
		{A7D0AD44-C176-4C23-BAF6-265A58D624E0}.Release|Any CPU.Build.0 = Release|Any CPU
	EndGlobalSection
	GlobalSection(SolutionProperties) = preSolution
		HideSolutionNode = FALSE
	EndGlobalSection
	GlobalSection(ExtensibilityGlobals) = postSolution
		SolutionGuid = {88CF077D-A0D7-49B3-92BA-023F4A111755}
	EndGlobalSection
EndGlobal
